{
  "version": 4,
  "terraform_version": "1.1.6",
  "serial": 20,
  "lineage": "4489f609-f3db-27bd-ade6-2d823e31dee0",
  "outputs": {},
  "resources": [
    {
      "mode": "managed",
      "type": "aws_security_group",
      "name": "sg_bastion",
      "provider": "provider[\"registry.terraform.io/hashicorp/aws\"]",
      "instances": [
        {
          "schema_version": 1,
          "attributes": {
            "arn": "arn:aws:ec2:sa-east-1:662072000689:security-group/sg-0c5e88171589860ad",
            "description": "sg_bastion",
            "egress": [],
            "id": "sg-0c5e88171589860ad",
            "ingress": [
              {
                "cidr_blocks": [
                  "189.79.110.66/32"
                ],
                "description": "sg_bastion",
                "from_port": 22,
                "ipv6_cidr_blocks": [],
                "prefix_list_ids": [],
                "protocol": "tcp",
                "security_groups": [],
                "self": false,
                "to_port": 22
              }
            ],
            "name": "sg_bastion",
            "name_prefix": "",
            "owner_id": "662072000689",
            "revoke_rules_on_delete": false,
            "tags": {
              "Name": "sg_bastion"
            },
            "tags_all": {
              "Name": "sg_bastion"
            },
            "timeouts": null,
            "vpc_id": "vpc-0b5e81b583f8bd4c9"
          },
          "sensitive_attributes": [],
          "private": "eyJlMmJmYjczMC1lY2FhLTExZTYtOGY4OC0zNDM2M2JjN2M0YzAiOnsiY3JlYXRlIjo2MDAwMDAwMDAwMDAsImRlbGV0ZSI6OTAwMDAwMDAwMDAwfSwic2NoZW1hX3ZlcnNpb24iOiIxIn0="
        }
      ]
    },
    {
      "mode": "managed",
      "type": "aws_security_group",
      "name": "sg_eks",
      "provider": "provider[\"registry.terraform.io/hashicorp/aws\"]",
      "instances": [
        {
          "schema_version": 1,
          "attributes": {
            "arn": "arn:aws:ec2:sa-east-1:662072000689:security-group/sg-0769ef55323582d21",
            "description": "sg_eks",
            "egress": [],
            "id": "sg-0769ef55323582d21",
            "ingress": [
              {
                "cidr_blocks": [],
                "description": "sg_eks",
                "from_port": 22,
                "ipv6_cidr_blocks": [],
                "prefix_list_ids": [],
                "protocol": "tcp",
                "security_groups": [
                  "sg-0c5e88171589860ad"
                ],
                "self": false,
                "to_port": 22
              }
            ],
            "name": "sg_eks",
            "name_prefix": "",
            "owner_id": "662072000689",
            "revoke_rules_on_delete": false,
            "tags": {
              "Name": "sg_eks"
            },
            "tags_all": {
              "Name": "sg_eks"
            },
            "timeouts": null,
            "vpc_id": "vpc-0b5e81b583f8bd4c9"
          },
          "sensitive_attributes": [],
          "private": "eyJlMmJmYjczMC1lY2FhLTExZTYtOGY4OC0zNDM2M2JjN2M0YzAiOnsiY3JlYXRlIjo2MDAwMDAwMDAwMDAsImRlbGV0ZSI6OTAwMDAwMDAwMDAwfSwic2NoZW1hX3ZlcnNpb24iOiIxIn0=",
          "dependencies": [
            "aws_security_group.sg_bastion"
          ]
        }
      ]
    }
  ]
}
