{
  "version": 4,
  "terraform_version": "1.1.6",
  "serial": 290,
  "lineage": "84f24f93-ca3a-e871-5516-f29c66ac4ef9",
  "outputs": {},
  "resources": [
    {
      "module": "module.vpc",
      "mode": "managed",
      "type": "aws_internet_gateway",
      "name": "this",
      "provider": "provider[\"registry.terraform.io/hashicorp/aws\"]",
      "instances": [
        {
          "index_key": 0,
          "schema_version": 0,
          "attributes": {
            "arn": "arn:aws:ec2:sa-east-1:662072000689:internet-gateway/igw-0cab15d7f9c13b838",
            "id": "igw-0cab15d7f9c13b838",
            "owner_id": "662072000689",
            "tags": {
              "Name": "vpc_eks",
              "terraform": "true"
            },
            "tags_all": {
              "Name": "vpc_eks",
              "terraform": "true"
            },
            "vpc_id": "vpc-08a289de2c2340166"
          },
          "sensitive_attributes": [],
          "private": "bnVsbA==",
          "dependencies": [
            "module.vpc.aws_vpc.this",
            "module.vpc.aws_vpc_ipv4_cidr_block_association.this"
          ]
        }
      ]
    },
    {
      "module": "module.vpc",
      "mode": "managed",
      "type": "aws_subnet",
      "name": "public",
      "provider": "provider[\"registry.terraform.io/hashicorp/aws\"]",
      "instances": [
        {
          "index_key": 0,
          "schema_version": 1,
          "attributes": {
            "arn": "arn:aws:ec2:sa-east-1:662072000689:subnet/subnet-00c0eb4ca1be44248",
            "assign_ipv6_address_on_creation": false,
            "availability_zone": "sa-east-1a",
            "availability_zone_id": "sae1-az1",
            "cidr_block": "10.0.1.0/24",
            "customer_owned_ipv4_pool": "",
            "enable_dns64": false,
            "enable_resource_name_dns_a_record_on_launch": false,
            "enable_resource_name_dns_aaaa_record_on_launch": false,
            "id": "subnet-00c0eb4ca1be44248",
            "ipv6_cidr_block": "",
            "ipv6_cidr_block_association_id": "",
            "ipv6_native": false,
            "map_customer_owned_ip_on_launch": false,
            "map_public_ip_on_launch": true,
            "outpost_arn": "",
            "owner_id": "662072000689",
            "private_dns_hostname_type_on_launch": "ip-name",
            "tags": {
              "Name": "vpc_eks-public-sa-east-1a",
              "terraform": "true"
            },
            "tags_all": {
              "Name": "vpc_eks-public-sa-east-1a",
              "terraform": "true"
            },
            "timeouts": null,
            "vpc_id": "vpc-08a289de2c2340166"
          },
          "sensitive_attributes": [],
          "private": "eyJlMmJmYjczMC1lY2FhLTExZTYtOGY4OC0zNDM2M2JjN2M0YzAiOnsiY3JlYXRlIjo2MDAwMDAwMDAwMDAsImRlbGV0ZSI6MTIwMDAwMDAwMDAwMH0sInNjaGVtYV92ZXJzaW9uIjoiMSJ9",
          "dependencies": [
            "module.vpc.aws_vpc.this",
            "module.vpc.aws_vpc_ipv4_cidr_block_association.this"
          ]
        }
      ]
    },
    {
      "module": "module.vpc",
      "mode": "managed",
      "type": "aws_vpc",
      "name": "this",
      "provider": "provider[\"registry.terraform.io/hashicorp/aws\"]",
      "instances": [
        {
          "index_key": 0,
          "schema_version": 1,
          "attributes": {
            "arn": "arn:aws:ec2:sa-east-1:662072000689:vpc/vpc-08a289de2c2340166",
            "assign_generated_ipv6_cidr_block": false,
            "cidr_block": "10.0.0.0/16",
            "default_network_acl_id": "acl-01ef9e87ed0665c4a",
            "default_route_table_id": "rtb-032f9a4aa11f5cbb7",
            "default_security_group_id": "sg-00d7cb483daf22b77",
            "dhcp_options_id": "dopt-66411801",
            "enable_classiclink": false,
            "enable_classiclink_dns_support": false,
            "enable_dns_hostnames": true,
            "enable_dns_support": true,
            "id": "vpc-08a289de2c2340166",
            "instance_tenancy": "default",
            "ipv4_ipam_pool_id": null,
            "ipv4_netmask_length": null,
            "ipv6_association_id": "",
            "ipv6_cidr_block": "",
            "ipv6_cidr_block_network_border_group": "",
            "ipv6_ipam_pool_id": "",
            "ipv6_netmask_length": 0,
            "main_route_table_id": "rtb-032f9a4aa11f5cbb7",
            "owner_id": "662072000689",
            "tags": {
              "Name": "vpc_eks",
              "terraform": "true"
            },
            "tags_all": {
              "Name": "vpc_eks",
              "terraform": "true"
            }
          },
          "sensitive_attributes": [],
          "private": "eyJzY2hlbWFfdmVyc2lvbiI6IjEifQ=="
        }
      ]
    }
  ]
}
